// !$*UTF8*$!
{
	archiveVersion = 1;
	classes = {
	};
	objectVersion = 56;
	objects = {

/* Begin PBXBuildFile section */
		422A36092A121FF0005C592D /* ContentView.swift in Sources */ = {isa = PBXBuildFile; fileRef = 422A36082A121FF0005C592D /* ContentView.swift */; };
		422A360B2A121FF1005C592D /* Assets.xcassets in Resources */ = {isa = PBXBuildFile; fileRef = 422A360A2A121FF1005C592D /* Assets.xcassets */; };
		422A360E2A121FF1005C592D /* Preview Assets.xcassets in Resources */ = {isa = PBXBuildFile; fileRef = 422A360D2A121FF1005C592D /* Preview Assets.xcassets */; };
		427482FD2A1FBDC800CFEBD6 /* FrustusApp.swift in Sources */ = {isa = PBXBuildFile; fileRef = 427482FC2A1FBDC800CFEBD6 /* FrustusApp.swift */; };
		427482FF2A21A61700CFEBD6 /* FruitRowView.swift in Sources */ = {isa = PBXBuildFile; fileRef = 427482FE2A21A61700CFEBD6 /* FruitRowView.swift */; };
		427483012A21AEC700CFEBD6 /* FruitDetailView.swift in Sources */ = {isa = PBXBuildFile; fileRef = 427483002A21AEC700CFEBD6 /* FruitDetailView.swift */; };
		427483032A21B92600CFEBD6 /* FruitHeaderView.swift in Sources */ = {isa = PBXBuildFile; fileRef = 427483022A21B92600CFEBD6 /* FruitHeaderView.swift */; };
		42F192F22A12294D008F31A5 /* FruitCardView.swift in Sources */ = {isa = PBXBuildFile; fileRef = 42F192F12A12294D008F31A5 /* FruitCardView.swift */; };
		42F192F42A133089008F31A5 /* StartButtonView.swift in Sources */ = {isa = PBXBuildFile; fileRef = 42F192F32A133089008F31A5 /* StartButtonView.swift */; };
		42F193022A1E17BB008F31A5 /* FruitData.swift in Sources */ = {isa = PBXBuildFile; fileRef = 42F193012A1E17BB008F31A5 /* FruitData.swift */; };
		42F193052A1E1812008F31A5 /* FruitModel.swift in Sources */ = {isa = PBXBuildFile; fileRef = 42F193042A1E1812008F31A5 /* FruitModel.swift */; };
		42F193072A1E185B008F31A5 /* OnboardingView.swift in Sources */ = {isa = PBXBuildFile; fileRef = 42F193062A1E185B008F31A5 /* OnboardingView.swift */; };
		42F3FCF22A3932B000E68A53 /* SourceLinkView.swift in Sources */ = {isa = PBXBuildFile; fileRef = 42F3FCF12A3932B000E68A53 /* SourceLinkView.swift */; };
		42F3FCF42A3935B700E68A53 /* FruitsNutrientsView.swift in Sources */ = {isa = PBXBuildFile; fileRef = 42F3FCF32A3935B700E68A53 /* FruitsNutrientsView.swift */; };
		42F3FCF62A39AA6C00E68A53 /* SettingsView.swift in Sources */ = {isa = PBXBuildFile; fileRef = 42F3FCF52A39AA6C00E68A53 /* SettingsView.swift */; };
		42F3FCF82A39B60F00E68A53 /* SettingsLabelView.swift in Sources */ = {isa = PBXBuildFile; fileRef = 42F3FCF72A39B60F00E68A53 /* SettingsLabelView.swift */; };
		42F3FCFC2A39BF9700E68A53 /* SettingsRowView.swift in Sources */ = {isa = PBXBuildFile; fileRef = 42F3FCFB2A39BF9700E68A53 /* SettingsRowView.swift */; };
/* End PBXBuildFile section */

/* Begin PBXFileReference section */
		422A36032A121FF0005C592D /* Fructus.app */ = {isa = PBXFileReference; explicitFileType = wrapper.application; includeInIndex = 0; path = Fructus.app; sourceTree = BUILT_PRODUCTS_DIR; };
		422A36082A121FF0005C592D /* ContentView.swift */ = {isa = PBXFileReference; lastKnownFileType = sourcecode.swift; path = ContentView.swift; sourceTree = "<group>"; };
		422A360A2A121FF1005C592D /* Assets.xcassets */ = {isa = PBXFileReference; lastKnownFileType = folder.assetcatalog; path = Assets.xcassets; sourceTree = "<group>"; };
		422A360D2A121FF1005C592D /* Preview Assets.xcassets */ = {isa = PBXFileReference; lastKnownFileType = folder.assetcatalog; path = "Preview Assets.xcassets"; sourceTree = "<group>"; };
		427482FC2A1FBDC800CFEBD6 /* FrustusApp.swift */ = {isa = PBXFileReference; lastKnownFileType = sourcecode.swift; path = FrustusApp.swift; sourceTree = "<group>"; };
		427482FE2A21A61700CFEBD6 /* FruitRowView.swift */ = {isa = PBXFileReference; lastKnownFileType = sourcecode.swift; path = FruitRowView.swift; sourceTree = "<group>"; };
		427483002A21AEC700CFEBD6 /* FruitDetailView.swift */ = {isa = PBXFileReference; lastKnownFileType = sourcecode.swift; path = FruitDetailView.swift; sourceTree = "<group>"; };
		427483022A21B92600CFEBD6 /* FruitHeaderView.swift */ = {isa = PBXFileReference; lastKnownFileType = sourcecode.swift; path = FruitHeaderView.swift; sourceTree = "<group>"; };
		42F192F12A12294D008F31A5 /* FruitCardView.swift */ = {isa = PBXFileReference; lastKnownFileType = sourcecode.swift; path = FruitCardView.swift; sourceTree = "<group>"; };
		42F192F32A133089008F31A5 /* StartButtonView.swift */ = {isa = PBXFileReference; lastKnownFileType = sourcecode.swift; path = StartButtonView.swift; sourceTree = "<group>"; xcLanguageSpecificationIdentifier = xcode.lang.swift; };
		42F193012A1E17BB008F31A5 /* FruitData.swift */ = {isa = PBXFileReference; lastKnownFileType = sourcecode.swift; path = FruitData.swift; sourceTree = "<group>"; };
		42F193042A1E1812008F31A5 /* FruitModel.swift */ = {isa = PBXFileReference; lastKnownFileType = sourcecode.swift; path = FruitModel.swift; sourceTree = "<group>"; };
		42F193062A1E185B008F31A5 /* OnboardingView.swift */ = {isa = PBXFileReference; lastKnownFileType = sourcecode.swift; path = OnboardingView.swift; sourceTree = "<group>"; };
		42F3FCF12A3932B000E68A53 /* SourceLinkView.swift */ = {isa = PBXFileReference; lastKnownFileType = sourcecode.swift; path = SourceLinkView.swift; sourceTree = "<group>"; };
		42F3FCF32A3935B700E68A53 /* FruitsNutrientsView.swift */ = {isa = PBXFileReference; lastKnownFileType = sourcecode.swift; path = FruitsNutrientsView.swift; sourceTree = "<group>"; };
		42F3FCF52A39AA6C00E68A53 /* SettingsView.swift */ = {isa = PBXFileReference; lastKnownFileType = sourcecode.swift; path = SettingsView.swift; sourceTree = "<group>"; };
		42F3FCF72A39B60F00E68A53 /* SettingsLabelView.swift */ = {isa = PBXFileReference; lastKnownFileType = sourcecode.swift; path = SettingsLabelView.swift; sourceTree = "<group>"; };
		42F3FCFB2A39BF9700E68A53 /* SettingsRowView.swift */ = {isa = PBXFileReference; lastKnownFileType = sourcecode.swift; name = SettingsRowView.swift; path = Fructus/DATA/Model/App/SettingsRowView.swift; sourceTree = SOURCE_ROOT; };
/* End PBXFileReference section */

/* Begin PBXFrameworksBuildPhase section */
		422A36002A121FF0005C592D /* Frameworks */ = {
			isa = PBXFrameworksBuildPhase;
			buildActionMask = 2147483647;
			files = (
			);
			runOnlyForDeploymentPostprocessing = 0;
		};
/* End PBXFrameworksBuildPhase section */

/* Begin PBXGroup section */
		422A35FA2A121FF0005C592D = {
			isa = PBXGroup;
			children = (
				422A36052A121FF0005C592D /* Fructus */,
				422A36042A121FF0005C592D /* Products */,
			);
			sourceTree = "<group>";
		};
		422A36042A121FF0005C592D /* Products */ = {
			isa = PBXGroup;
			children = (
				422A36032A121FF0005C592D /* Fructus.app */,
			);
			name = Products;
			sourceTree = "<group>";
		};
		422A36052A121FF0005C592D /* Fructus */ = {
			isa = PBXGroup;
			children = (
				42F193002A1E1782008F31A5 /* DATA */,
				42F192EE2A1228A8008F31A5 /* View */,
				422A360A2A121FF1005C592D /* Assets.xcassets */,
				422A360C2A121FF1005C592D /* Preview Content */,
			);
			path = Fructus;
			sourceTree = "<group>";
		};
		422A360C2A121FF1005C592D /* Preview Content */ = {
			isa = PBXGroup;
			children = (
				422A360D2A121FF1005C592D /* Preview Assets.xcassets */,
			);
			path = "Preview Content";
			sourceTree = "<group>";
		};
		42F192ED2A122862008F31A5 /* App */ = {
			isa = PBXGroup;
			children = (
				422A36082A121FF0005C592D /* ContentView.swift */,
				42F193062A1E185B008F31A5 /* OnboardingView.swift */,
				427482FC2A1FBDC800CFEBD6 /* FrustusApp.swift */,
				427483002A21AEC700CFEBD6 /* FruitDetailView.swift */,
				42F3FCF52A39AA6C00E68A53 /* SettingsView.swift */,
			);
			path = App;
			sourceTree = "<group>";
		};
		42F192EE2A1228A8008F31A5 /* View */ = {
			isa = PBXGroup;
			children = (
				42F3FCFB2A39BF9700E68A53 /* SettingsRowView.swift */,
				42F192F12A12294D008F31A5 /* FruitCardView.swift */,
				42F192F32A133089008F31A5 /* StartButtonView.swift */,
				427482FE2A21A61700CFEBD6 /* FruitRowView.swift */,
				427483022A21B92600CFEBD6 /* FruitHeaderView.swift */,
				42F3FCF12A3932B000E68A53 /* SourceLinkView.swift */,
				42F3FCF32A3935B700E68A53 /* FruitsNutrientsView.swift */,
				42F3FCF72A39B60F00E68A53 /* SettingsLabelView.swift */,
			);
			path = View;
			sourceTree = "<group>";
		};
		42F193002A1E1782008F31A5 /* DATA */ = {
			isa = PBXGroup;
			children = (
				42F193012A1E17BB008F31A5 /* FruitData.swift */,
				42F193032A1E17DC008F31A5 /* Model */,
			);
			path = DATA;
			sourceTree = "<group>";
		};
		42F193032A1E17DC008F31A5 /* Model */ = {
			isa = PBXGroup;
			children = (
				42F193042A1E1812008F31A5 /* FruitModel.swift */,
				42F192ED2A122862008F31A5 /* App */,
			);
			path = Model;
			sourceTree = "<group>";
		};
/* End PBXGroup section */

/* Begin PBXNativeTarget section */
		422A36022A121FF0005C592D /* Fructus */ = {
			isa = PBXNativeTarget;
			buildConfigurationList = 422A36112A121FF1005C592D /* Build configuration list for PBXNativeTarget "Fructus" */;
			buildPhases = (
				422A35FF2A121FF0005C592D /* Sources */,
				422A36002A121FF0005C592D /* Frameworks */,
				422A36012A121FF0005C592D /* Resources */,
			);
			buildRules = (
			);
			dependencies = (
			);
			name = Fructus;
			productName = Fructus;
			productReference = 422A36032A121FF0005C592D /* Fructus.app */;
			productType = "com.apple.product-type.application";
		};
/* End PBXNativeTarget section */

/* Begin PBXProject section */
		422A35FB2A121FF0005C592D /* Project object */ = {
			isa = PBXProject;
			attributes = {
				BuildIndependentTargetsInParallel = 1;
				LastSwiftUpdateCheck = 1430;
				LastUpgradeCheck = 1430;
				TargetAttributes = {
					422A36022A121FF0005C592D = {
						CreatedOnToolsVersion = 14.3;
					};
				};
			};
			buildConfigurationList = 422A35FE2A121FF0005C592D /* Build configuration list for PBXProject "Fructus" */;
			compatibilityVersion = "Xcode 14.0";
			developmentRegion = en;
			hasScannedForEncodings = 0;
			knownRegions = (
				en,
				Base,
			);
			mainGroup = 422A35FA2A121FF0005C592D;
			productRefGroup = 422A36042A121FF0005C592D /* Products */;
			projectDirPath = "";
			projectRoot = "";
			targets = (
				422A36022A121FF0005C592D /* Fructus */,
			);
		};
/* End PBXProject section */

/* Begin PBXResourcesBuildPhase section */
		422A36012A121FF0005C592D /* Resources */ = {
			isa = PBXResourcesBuildPhase;
			buildActionMask = 2147483647;
			files = (
				422A360E2A121FF1005C592D /* Preview Assets.xcassets in Resources */,
				422A360B2A121FF1005C592D /* Assets.xcassets in Resources */,
			);
			runOnlyForDeploymentPostprocessing = 0;
		};
/* End PBXResourcesBuildPhase section */

/* Begin PBXSourcesBuildPhase section */
		422A35FF2A121FF0005C592D /* Sources */ = {
			isa = PBXSourcesBuildPhase;
			buildActionMask = 2147483647;
			files = (
				42F192F22A12294D008F31A5 /* FruitCardView.swift in Sources */,
				42F3FCF22A3932B000E68A53 /* SourceLinkView.swift in Sources */,
				42F3FCFC2A39BF9700E68A53 /* SettingsRowView.swift in Sources */,
				42F193022A1E17BB008F31A5 /* FruitData.swift in Sources */,
				427482FF2A21A61700CFEBD6 /* FruitRowView.swift in Sources */,
				427482FD2A1FBDC800CFEBD6 /* FrustusApp.swift in Sources */,
				427483012A21AEC700CFEBD6 /* FruitDetailView.swift in Sources */,
				42F192F42A133089008F31A5 /* StartButtonView.swift in Sources */,
				42F3FCF82A39B60F00E68A53 /* SettingsLabelView.swift in Sources */,
				427483032A21B92600CFEBD6 /* FruitHeaderView.swift in Sources */,
				42F3FCF42A3935B700E68A53 /* FruitsNutrientsView.swift in Sources */,
				422A36092A121FF0005C592D /* ContentView.swift in Sources */,
				42F193052A1E1812008F31A5 /* FruitModel.swift in Sources */,
				42F193072A1E185B008F31A5 /* OnboardingView.swift in Sources */,
				42F3FCF62A39AA6C00E68A53 /* SettingsView.swift in Sources */,
			);
			runOnlyForDeploymentPostprocessing = 0;
		};
/* End PBXSourcesBuildPhase section */

/* Begin XCBuildConfiguration section */
		422A360F2A121FF1005C592D /* Debug */ = {
			isa = XCBuildConfiguration;
			buildSettings = {
				ALWAYS_SEARCH_USER_PATHS = NO;
				CLANG_ANALYZER_NONNULL = YES;
				CLANG_ANALYZER_NUMBER_OBJECT_CONVERSION = YES_AGGRESSIVE;
				CLANG_CXX_LANGUAGE_STANDARD = "gnu++20";
				CLANG_ENABLE_MODULES = YES;
				CLANG_ENABLE_OBJC_ARC = YES;
				CLANG_ENABLE_OBJC_WEAK = YES;
				CLANG_WARN_BLOCK_CAPTURE_AUTORELEASING = YES;
				CLANG_WARN_BOOL_CONVERSION = YES;
				CLANG_WARN_COMMA = YES;
				CLANG_WARN_CONSTANT_CONVERSION = YES;
				CLANG_WARN_DEPRECATED_OBJC_IMPLEMENTATIONS = YES;
				CLANG_WARN_DIRECT_OBJC_ISA_USAGE = YES_ERROR;
				CLANG_WARN_DOCUMENTATION_COMMENTS = YES;
				CLANG_WARN_EMPTY_BODY = YES;
				CLANG_WARN_ENUM_CONVERSION = YES;
				CLANG_WARN_INFINITE_RECURSION = YES;
				CLANG_WARN_INT_CONVERSION = YES;
				CLANG_WARN_NON_LITERAL_NULL_CONVERSION = YES;
				CLANG_WARN_OBJC_IMPLICIT_RETAIN_SELF = YES;
				CLANG_WARN_OBJC_LITERAL_CONVERSION = YES;
				CLANG_WARN_OBJC_ROOT_CLASS = YES_ERROR;
				CLANG_WARN_QUOTED_INCLUDE_IN_FRAMEWORK_HEADER = YES;
				CLANG_WARN_RANGE_LOOP_ANALYSIS = YES;
				CLANG_WARN_STRICT_PROTOTYPES = YES;
				CLANG_WARN_SUSPICIOUS_MOVE = YES;
				CLANG_WARN_UNGUARDED_AVAILABILITY = YES_AGGRESSIVE;
				CLANG_WARN_UNREACHABLE_CODE = YES;
				CLANG_WARN__DUPLICATE_METHOD_MATCH = YES;
				COPY_PHASE_STRIP = NO;
				DEBUG_INFORMATION_FORMAT = dwarf;
				ENABLE_STRICT_OBJC_MSGSEND = YES;
				ENABLE_TESTABILITY = YES;
				GCC_C_LANGUAGE_STANDARD = gnu11;
				GCC_DYNAMIC_NO_PIC = NO;
				GCC_NO_COMMON_BLOCKS = YES;
				GCC_OPTIMIZATION_LEVEL = 0;
				GCC_PREPROCESSOR_DEFINITIONS = (
					"DEBUG=1",
					"$(inherited)",
				);
				GCC_WARN_64_TO_32_BIT_CONVERSION = YES;
				GCC_WARN_ABOUT_RETURN_TYPE = YES_ERROR;
				GCC_WARN_UNDECLARED_SELECTOR = YES;
				GCC_WARN_UNINITIALIZED_AUTOS = YES_AGGRESSIVE;
				GCC_WARN_UNUSED_FUNCTION = YES;
				GCC_WARN_UNUSED_VARIABLE = YES;
				IPHONEOS_DEPLOYMENT_TARGET = 16.4;
				MTL_ENABLE_DEBUG_INFO = INCLUDE_SOURCE;
				MTL_FAST_MATH = YES;
				ONLY_ACTIVE_ARCH = YES;
				SDKROOT = iphoneos;
				SWIFT_ACTIVE_COMPILATION_CONDITIONS = DEBUG;
				SWIFT_OPTIMIZATION_LEVEL = "-Onone";
			};
			name = Debug;
		};
		422A36102A121FF1005C592D /* Release */ = {
			isa = XCBuildConfiguration;
			buildSettings = {
				ALWAYS_SEARCH_USER_PATHS = NO;
				CLANG_ANALYZER_NONNULL = YES;
				CLANG_ANALYZER_NUMBER_OBJECT_CONVERSION = YES_AGGRESSIVE;
				CLANG_CXX_LANGUAGE_STANDARD = "gnu++20";
				CLANG_ENABLE_MODULES = YES;
				CLANG_ENABLE_OBJC_ARC = YES;
				CLANG_ENABLE_OBJC_WEAK = YES;
				CLANG_WARN_BLOCK_CAPTURE_AUTORELEASING = YES;
				CLANG_WARN_BOOL_CONVERSION = YES;
				CLANG_WARN_COMMA = YES;
				CLANG_WARN_CONSTANT_CONVERSION = YES;
				CLANG_WARN_DEPRECATED_OBJC_IMPLEMENTATIONS = YES;
				CLANG_WARN_DIRECT_OBJC_ISA_USAGE = YES_ERROR;
				CLANG_WARN_DOCUMENTATION_COMMENTS = YES;
				CLANG_WARN_EMPTY_BODY = YES;
				CLANG_WARN_ENUM_CONVERSION = YES;
				CLANG_WARN_INFINITE_RECURSION = YES;
				CLANG_WARN_INT_CONVERSION = YES;
				CLANG_WARN_NON_LITERAL_NULL_CONVERSION = YES;
				CLANG_WARN_OBJC_IMPLICIT_RETAIN_SELF = YES;
				CLANG_WARN_OBJC_LITERAL_CONVERSION = YES;
				CLANG_WARN_OBJC_ROOT_CLASS = YES_ERROR;
				CLANG_WARN_QUOTED_INCLUDE_IN_FRAMEWORK_HEADER = YES;
				CLANG_WARN_RANGE_LOOP_ANALYSIS = YES;
				CLANG_WARN_STRICT_PROTOTYPES = YES;
				CLANG_WARN_SUSPICIOUS_MOVE = YES;
				CLANG_WARN_UNGUARDED_AVAILABILITY = YES_AGGRESSIVE;
				CLANG_WARN_UNREACHABLE_CODE = YES;
				CLANG_WARN__DUPLICATE_METHOD_MATCH = YES;
				COPY_PHASE_STRIP = NO;
				DEBUG_INFORMATION_FORMAT = "dwarf-with-dsym";
				ENABLE_NS_ASSERTIONS = NO;
				ENABLE_STRICT_OBJC_MSGSEND = YES;
				GCC_C_LANGUAGE_STANDARD = gnu11;
				GCC_NO_COMMON_BLOCKS = YES;
				GCC_WARN_64_TO_32_BIT_CONVERSION = YES;
				GCC_WARN_ABOUT_RETURN_TYPE = YES_ERROR;
				GCC_WARN_UNDECLARED_SELECTOR = YES;
				GCC_WARN_UNINITIALIZED_AUTOS = YES_AGGRESSIVE;
				GCC_WARN_UNUSED_FUNCTION = YES;
				GCC_WARN_UNUSED_VARIABLE = YES;
				IPHONEOS_DEPLOYMENT_TARGET = 16.4;
				MTL_ENABLE_DEBUG_INFO = NO;
				MTL_FAST_MATH = YES;
				SDKROOT = iphoneos;
				SWIFT_COMPILATION_MODE = wholemodule;
				SWIFT_OPTIMIZATION_LEVEL = "-O";
				VALIDATE_PRODUCT = YES;
			};
			name = Release;
		};
		422A36122A121FF1005C592D /* Debug */ = {
			isa = XCBuildConfiguration;
			buildSettings = {
				ASSETCATALOG_COMPILER_APPICON_NAME = AppIcon;
				ASSETCATALOG_COMPILER_GLOBAL_ACCENT_COLOR_NAME = AccentColor;
				CODE_SIGN_STYLE = Automatic;
				CURRENT_PROJECT_VERSION = 1;
				DEVELOPMENT_ASSET_PATHS = "\"Fructus/Preview Content\"";
				DEVELOPMENT_TEAM = 6G2ZUENQ5H;
				ENABLE_PREVIEWS = YES;
				GENERATE_INFOPLIST_FILE = YES;
				INFOPLIST_KEY_UIApplicationSceneManifest_Generation = YES;
				INFOPLIST_KEY_UIApplicationSupportsIndirectInputEvents = YES;
				INFOPLIST_KEY_UILaunchScreen_Generation = YES;
				INFOPLIST_KEY_UISupportedInterfaceOrientations = UIInterfaceOrientationPortrait;
				LD_RUNPATH_SEARCH_PATHS = (
					"$(inherited)",
					"@executable_path/Frameworks",
				);
				MARKETING_VERSION = 1.0;
				PRODUCT_BUNDLE_IDENTIFIER = sanders.ruby.Fructus;
				PRODUCT_NAME = "$(TARGET_NAME)";
				SWIFT_EMIT_LOC_STRINGS = YES;
				SWIFT_VERSION = 5.0;
				TARGETED_DEVICE_FAMILY = "1,2";
			};
			name = Debug;
		};
		422A36132A121FF1005C592D /* Release */ = {
			isa = XCBuildConfiguration;
			buildSettings = {
				ASSETCATALOG_COMPILER_APPICON_NAME = AppIcon;
				ASSETCATALOG_COMPILER_GLOBAL_ACCENT_COLOR_NAME = AccentColor;
				CODE_SIGN_STYLE = Automatic;
				CURRENT_PROJECT_VERSION = 1;
				DEVELOPMENT_ASSET_PATHS = "\"Fructus/Preview Content\"";
				DEVELOPMENT_TEAM = 6G2ZUENQ5H;
				ENABLE_PREVIEWS = YES;
				GENERATE_INFOPLIST_FILE = YES;
				INFOPLIST_KEY_UIApplicationSceneManifest_Generation = YES;
				INFOPLIST_KEY_UIApplicationSupportsIndirectInputEvents = YES;
				INFOPLIST_KEY_UILaunchScreen_Generation = YES;
				INFOPLIST_KEY_UISupportedInterfaceOrientations = UIInterfaceOrientationPortrait;
				LD_RUNPATH_SEARCH_PATHS = (
					"$(inherited)",
					"@executable_path/Frameworks",
				);
				MARKETING_VERSION = 1.0;
				PRODUCT_BUNDLE_IDENTIFIER = sanders.ruby.Fructus;
				PRODUCT_NAME = "$(TARGET_NAME)";
				SWIFT_EMIT_LOC_STRINGS = YES;
				SWIFT_VERSION = 5.0;
				TARGETED_DEVICE_FAMILY = "1,2";
			};
			name = Release;
		};
/* End XCBuildConfiguration section */

/* Begin XCConfigurationList section */
		422A35FE2A121FF0005C592D /* Build configuration list for PBXProject "Fructus" */ = {
			isa = XCConfigurationList;
			buildConfigurations = (
				422A360F2A121FF1005C592D /* Debug */,
				422A36102A121FF1005C592D /* Release */,
			);
			defaultConfigurationIsVisible = 0;
			defaultConfigurationName = Release;
		};
		422A36112A121FF1005C592D /* Build configuration list for PBXNativeTarget "Fructus" */ = {
			isa = XCConfigurationList;
			buildConfigurations = (
				422A36122A121FF1005C592D /* Debug */,
				422A36132A121FF1005C592D /* Release */,
			);
			defaultConfigurationIsVisible = 0;
			defaultConfigurationName = Release;
		};
/* End XCConfigurationList section */
	};
	rootObject = 422A35FB2A121FF0005C592D /* Project object */;
}
